// !$*UTF8*$!
{
	archiveVersion = 1;
	classes = {
	};
	objectVersion = 46;
	objects = {

/* Begin PBXAggregateTarget section */
		732D8D641E513666008558BD /* SwiftLint */ = {
			isa = PBXAggregateTarget;
			buildConfigurationList = 732D8D651E513666008558BD /* Build configuration list for PBXAggregateTarget "SwiftLint" */;
			buildPhases = (
				732D8D681E51366A008558BD /* ShellScript */,
			);
			dependencies = (
			);
			name = SwiftLint;
			productName = SwiftLint;
		};
/* End PBXAggregateTarget section */

/* Begin PBXBuildFile section */
		2730D69A1D2A4A0B001C7AAC /* Nimble.framework in Frameworks */ = {isa = PBXBuildFile; fileRef = 2730D6981D2A4A0B001C7AAC /* Nimble.framework */; };
		2730D69B1D2A4A0B001C7AAC /* Quick.framework in Frameworks */ = {isa = PBXBuildFile; fileRef = 2730D6991D2A4A0B001C7AAC /* Quick.framework */; };
		2730D69D1D2A4A33001C7AAC /* Nimble.framework in CopyFiles */ = {isa = PBXBuildFile; fileRef = 2730D6981D2A4A0B001C7AAC /* Nimble.framework */; settings = {ATTRIBUTES = (CodeSignOnCopy, RemoveHeadersOnCopy, ); }; };
		2730D69E1D2A4A33001C7AAC /* Quick.framework in CopyFiles */ = {isa = PBXBuildFile; fileRef = 2730D6991D2A4A0B001C7AAC /* Quick.framework */; settings = {ATTRIBUTES = (CodeSignOnCopy, RemoveHeadersOnCopy, ); }; };
		2799F27A1D3DBF1E00F4A1C2 /* SelectableRowData.swift in Sources */ = {isa = PBXBuildFile; fileRef = 2799F2791D3DBF1E00F4A1C2 /* SelectableRowData.swift */; };
		2799F27C1D3DC19E00F4A1C2 /* SelectableSectionData.swift in Sources */ = {isa = PBXBuildFile; fileRef = 2799F27B1D3DC19E00F4A1C2 /* SelectableSectionData.swift */; };
		2799F2831D3DC80A00F4A1C2 /* SectionDataSpec.swift in Sources */ = {isa = PBXBuildFile; fileRef = 2799F2801D3DC80A00F4A1C2 /* SectionDataSpec.swift */; };
		2799F2841D3DC80A00F4A1C2 /* SelectableRowDataSpec.swift in Sources */ = {isa = PBXBuildFile; fileRef = 2799F2811D3DC80A00F4A1C2 /* SelectableRowDataSpec.swift */; };
		2799F2851D3DC80A00F4A1C2 /* TableViewDataSourceSpec.swift in Sources */ = {isa = PBXBuildFile; fileRef = 2799F2821D3DC80A00F4A1C2 /* TableViewDataSourceSpec.swift */; };
		2799F2881D3DC83000F4A1C2 /* TableViewSingleCellClassResolverSpec.swift in Sources */ = {isa = PBXBuildFile; fileRef = 2799F2871D3DC83000F4A1C2 /* TableViewSingleCellClassResolverSpec.swift */; };
		2799F2891D3DC91500F4A1C2 /* SelectableSectionData.swift in Sources */ = {isa = PBXBuildFile; fileRef = 2799F27B1D3DC19E00F4A1C2 /* SelectableSectionData.swift */; };
		2799F28A1D3DC91800F4A1C2 /* SelectableRowData.swift in Sources */ = {isa = PBXBuildFile; fileRef = 2799F2791D3DBF1E00F4A1C2 /* SelectableRowData.swift */; };
		2799F28C1D3DCC1500F4A1C2 /* SelectableSectionDataSpec.swift in Sources */ = {isa = PBXBuildFile; fileRef = 2799F28B1D3DCC1500F4A1C2 /* SelectableSectionDataSpec.swift */; };
		2799F28E1D3DD21300F4A1C2 /* SelectableTableViewDataSource.swift in Sources */ = {isa = PBXBuildFile; fileRef = 2799F28D1D3DD21300F4A1C2 /* SelectableTableViewDataSource.swift */; };
		27F3F47B1D4058470044A3D3 /* SelectableTableViewDataSourceSpec.swift in Sources */ = {isa = PBXBuildFile; fileRef = 27F3F47A1D4058470044A3D3 /* SelectableTableViewDataSourceSpec.swift */; };
		27F3F47C1D405A070044A3D3 /* SelectableTableViewDataSource.swift in Sources */ = {isa = PBXBuildFile; fileRef = 2799F28D1D3DD21300F4A1C2 /* SelectableTableViewDataSource.swift */; };
		737A1C8E1D2B64BF00A2228C /* SectionDataFactoryType.swift in Sources */ = {isa = PBXBuildFile; fileRef = 737A1C8A1D2B64BF00A2228C /* SectionDataFactoryType.swift */; };
		737A1C8F1D2B64BF00A2228C /* TableViewCellClassResolverType.swift in Sources */ = {isa = PBXBuildFile; fileRef = 737A1C8B1D2B64BF00A2228C /* TableViewCellClassResolverType.swift */; };
		737A1C901D2B64BF00A2228C /* TableViewDataSourceType.swift in Sources */ = {isa = PBXBuildFile; fileRef = 737A1C8C1D2B64BF00A2228C /* TableViewDataSourceType.swift */; };
		737A1C911D2B64BF00A2228C /* TableViewDelegateType.swift in Sources */ = {isa = PBXBuildFile; fileRef = 737A1C8D1D2B64BF00A2228C /* TableViewDelegateType.swift */; };
		737A1C961D2B64D100A2228C /* RowData.swift in Sources */ = {isa = PBXBuildFile; fileRef = 737A1C921D2B64D100A2228C /* RowData.swift */; };
		737A1C971D2B64D100A2228C /* SectionData.swift in Sources */ = {isa = PBXBuildFile; fileRef = 737A1C931D2B64D100A2228C /* SectionData.swift */; };
		737A1C981D2B64D100A2228C /* TableViewDataSource.swift in Sources */ = {isa = PBXBuildFile; fileRef = 737A1C941D2B64D100A2228C /* TableViewDataSource.swift */; };
		737A1C991D2B64D100A2228C /* TableViewDelegate.swift in Sources */ = {isa = PBXBuildFile; fileRef = 737A1C951D2B64D100A2228C /* TableViewDelegate.swift */; };
		737A1C9A1D2B650600A2228C /* SectionData.swift in Sources */ = {isa = PBXBuildFile; fileRef = 737A1C931D2B64D100A2228C /* SectionData.swift */; };
		737A1C9C1D2B651400A2228C /* RowData.swift in Sources */ = {isa = PBXBuildFile; fileRef = 737A1C921D2B64D100A2228C /* RowData.swift */; };
		737A1C9E1D2B651F00A2228C /* TableViewDataSource.swift in Sources */ = {isa = PBXBuildFile; fileRef = 737A1C941D2B64D100A2228C /* TableViewDataSource.swift */; };
		737A1C9F1D2B652700A2228C /* TableViewDataSourceType.swift in Sources */ = {isa = PBXBuildFile; fileRef = 737A1C8C1D2B64BF00A2228C /* TableViewDataSourceType.swift */; };
		737A1CA11D2B652C00A2228C /* SectionDataFactoryType.swift in Sources */ = {isa = PBXBuildFile; fileRef = 737A1C8A1D2B64BF00A2228C /* SectionDataFactoryType.swift */; };
		737A1CA21D2B652F00A2228C /* TableViewCellClassResolverType.swift in Sources */ = {isa = PBXBuildFile; fileRef = 737A1C8B1D2B64BF00A2228C /* TableViewCellClassResolverType.swift */; };
		737A1CA51D2B672F00A2228C /* TableViewManager.framework in Frameworks */ = {isa = PBXBuildFile; fileRef = 737ADAA81D0EE02A0088DA02 /* TableViewManager.framework */; };
		737A1CA81D2B688D00A2228C /* CustomizedCellHeightType.swift in Sources */ = {isa = PBXBuildFile; fileRef = 737A1CA71D2B688D00A2228C /* CustomizedCellHeightType.swift */; };
		737A1CAB1D2B853400A2228C /* UITableView+TableViewManager.swift in Sources */ = {isa = PBXBuildFile; fileRef = 737A1CAA1D2B853400A2228C /* UITableView+TableViewManager.swift */; };
/* End PBXBuildFile section */

/* Begin PBXContainerItemProxy section */
		737ADAB41D0EE02A0088DA02 /* PBXContainerItemProxy */ = {
			isa = PBXContainerItemProxy;
			containerPortal = 737ADA9F1D0EE02A0088DA02 /* Project object */;
			proxyType = 1;
			remoteGlobalIDString = 737ADAA71D0EE02A0088DA02;
			remoteInfo = TableViewManager;
		};
/* End PBXContainerItemProxy section */

/* Begin PBXCopyFilesBuildPhase section */
		2730D69C1D2A4A21001C7AAC /* CopyFiles */ = {
			isa = PBXCopyFilesBuildPhase;
			buildActionMask = 2147483647;
			dstPath = "";
			dstSubfolderSpec = 10;
			files = (
				2730D69D1D2A4A33001C7AAC /* Nimble.framework in CopyFiles */,
				2730D69E1D2A4A33001C7AAC /* Quick.framework in CopyFiles */,
			);
			runOnlyForDeploymentPostprocessing = 0;
		};
/* End PBXCopyFilesBuildPhase section */

/* Begin PBXFileReference section */
		2730D6981D2A4A0B001C7AAC /* Nimble.framework */ = {isa = PBXFileReference; lastKnownFileType = wrapper.framework; name = Nimble.framework; path = Carthage/Build/iOS/Nimble.framework; sourceTree = "<group>"; };
		2730D6991D2A4A0B001C7AAC /* Quick.framework */ = {isa = PBXFileReference; lastKnownFileType = wrapper.framework; name = Quick.framework; path = Carthage/Build/iOS/Quick.framework; sourceTree = "<group>"; };
		2799F2791D3DBF1E00F4A1C2 /* SelectableRowData.swift */ = {isa = PBXFileReference; fileEncoding = 4; lastKnownFileType = sourcecode.swift; path = SelectableRowData.swift; sourceTree = "<group>"; };
		2799F27B1D3DC19E00F4A1C2 /* SelectableSectionData.swift */ = {isa = PBXFileReference; fileEncoding = 4; lastKnownFileType = sourcecode.swift; path = SelectableSectionData.swift; sourceTree = "<group>"; };
		2799F2801D3DC80A00F4A1C2 /* SectionDataSpec.swift */ = {isa = PBXFileReference; fileEncoding = 4; lastKnownFileType = sourcecode.swift; path = SectionDataSpec.swift; sourceTree = "<group>"; };
		2799F2811D3DC80A00F4A1C2 /* SelectableRowDataSpec.swift */ = {isa = PBXFileReference; fileEncoding = 4; lastKnownFileType = sourcecode.swift; path = SelectableRowDataSpec.swift; sourceTree = "<group>"; };
		2799F2821D3DC80A00F4A1C2 /* TableViewDataSourceSpec.swift */ = {isa = PBXFileReference; fileEncoding = 4; lastKnownFileType = sourcecode.swift; path = TableViewDataSourceSpec.swift; sourceTree = "<group>"; };
		2799F2871D3DC83000F4A1C2 /* TableViewSingleCellClassResolverSpec.swift */ = {isa = PBXFileReference; fileEncoding = 4; lastKnownFileType = sourcecode.swift; path = TableViewSingleCellClassResolverSpec.swift; sourceTree = "<group>"; };
		2799F28B1D3DCC1500F4A1C2 /* SelectableSectionDataSpec.swift */ = {isa = PBXFileReference; fileEncoding = 4; lastKnownFileType = sourcecode.swift; path = SelectableSectionDataSpec.swift; sourceTree = "<group>"; };
		2799F28D1D3DD21300F4A1C2 /* SelectableTableViewDataSource.swift */ = {isa = PBXFileReference; fileEncoding = 4; lastKnownFileType = sourcecode.swift; path = SelectableTableViewDataSource.swift; sourceTree = "<group>"; };
		27F3F47A1D4058470044A3D3 /* SelectableTableViewDataSourceSpec.swift */ = {isa = PBXFileReference; fileEncoding = 4; lastKnownFileType = sourcecode.swift; path = SelectableTableViewDataSourceSpec.swift; sourceTree = "<group>"; };
		737A1C8A1D2B64BF00A2228C /* SectionDataFactoryType.swift */ = {isa = PBXFileReference; fileEncoding = 4; lastKnownFileType = sourcecode.swift; path = SectionDataFactoryType.swift; sourceTree = "<group>"; };
		737A1C8B1D2B64BF00A2228C /* TableViewCellClassResolverType.swift */ = {isa = PBXFileReference; fileEncoding = 4; lastKnownFileType = sourcecode.swift; path = TableViewCellClassResolverType.swift; sourceTree = "<group>"; };
		737A1C8C1D2B64BF00A2228C /* TableViewDataSourceType.swift */ = {isa = PBXFileReference; fileEncoding = 4; lastKnownFileType = sourcecode.swift; path = TableViewDataSourceType.swift; sourceTree = "<group>"; };
		737A1C8D1D2B64BF00A2228C /* TableViewDelegateType.swift */ = {isa = PBXFileReference; fileEncoding = 4; lastKnownFileType = sourcecode.swift; path = TableViewDelegateType.swift; sourceTree = "<group>"; };
		737A1C921D2B64D100A2228C /* RowData.swift */ = {isa = PBXFileReference; fileEncoding = 4; lastKnownFileType = sourcecode.swift; path = RowData.swift; sourceTree = "<group>"; };
		737A1C931D2B64D100A2228C /* SectionData.swift */ = {isa = PBXFileReference; fileEncoding = 4; lastKnownFileType = sourcecode.swift; path = SectionData.swift; sourceTree = "<group>"; };
		737A1C941D2B64D100A2228C /* TableViewDataSource.swift */ = {isa = PBXFileReference; fileEncoding = 4; lastKnownFileType = sourcecode.swift; path = TableViewDataSource.swift; sourceTree = "<group>"; };
		737A1C951D2B64D100A2228C /* TableViewDelegate.swift */ = {isa = PBXFileReference; fileEncoding = 4; lastKnownFileType = sourcecode.swift; path = TableViewDelegate.swift; sourceTree = "<group>"; };
		737A1CA71D2B688D00A2228C /* CustomizedCellHeightType.swift */ = {isa = PBXFileReference; fileEncoding = 4; lastKnownFileType = sourcecode.swift; path = CustomizedCellHeightType.swift; sourceTree = "<group>"; };
		737A1CAA1D2B853400A2228C /* UITableView+TableViewManager.swift */ = {isa = PBXFileReference; fileEncoding = 4; lastKnownFileType = sourcecode.swift; path = "UITableView+TableViewManager.swift"; sourceTree = "<group>"; };
		737ADAA81D0EE02A0088DA02 /* TableViewManager.framework */ = {isa = PBXFileReference; explicitFileType = wrapper.framework; includeInIndex = 0; path = TableViewManager.framework; sourceTree = BUILT_PRODUCTS_DIR; };
		737ADAAD1D0EE02A0088DA02 /* Info.plist */ = {isa = PBXFileReference; lastKnownFileType = text.plist.xml; path = Info.plist; sourceTree = "<group>"; };
		737ADAB21D0EE02A0088DA02 /* TableViewManagerTests.xctest */ = {isa = PBXFileReference; explicitFileType = wrapper.cfbundle; includeInIndex = 0; path = TableViewManagerTests.xctest; sourceTree = BUILT_PRODUCTS_DIR; };
		737ADAB91D0EE02A0088DA02 /* Info.plist */ = {isa = PBXFileReference; lastKnownFileType = text.plist.xml; path = Info.plist; sourceTree = "<group>"; };
		73B7BC6D1D7AF07F00C5C7A5 /* Result.framework */ = {isa = PBXFileReference; lastKnownFileType = wrapper.framework; name = Result.framework; path = Carthage/Build/iOS/Result.framework; sourceTree = "<group>"; };
		73D257A41D2D40F9005D0A3F /* SwiftExtensions.framework */ = {isa = PBXFileReference; lastKnownFileType = wrapper.framework; name = SwiftExtensions.framework; path = Carthage/Build/iOS/SwiftExtensions.framework; sourceTree = "<group>"; };
/* End PBXFileReference section */

/* Begin PBXFrameworksBuildPhase section */
		737ADAA41D0EE02A0088DA02 /* Frameworks */ = {
			isa = PBXFrameworksBuildPhase;
			buildActionMask = 2147483647;
			files = (
			);
			runOnlyForDeploymentPostprocessing = 0;
		};
		737ADAAF1D0EE02A0088DA02 /* Frameworks */ = {
			isa = PBXFrameworksBuildPhase;
			buildActionMask = 2147483647;
			files = (
				737A1CA51D2B672F00A2228C /* TableViewManager.framework in Frameworks */,
				2730D69A1D2A4A0B001C7AAC /* Nimble.framework in Frameworks */,
				2730D69B1D2A4A0B001C7AAC /* Quick.framework in Frameworks */,
			);
			runOnlyForDeploymentPostprocessing = 0;
		};
/* End PBXFrameworksBuildPhase section */

/* Begin PBXGroup section */
		2730D6971D2A16B9001C7AAC /* Frameworks */ = {
			isa = PBXGroup;
			children = (
				73B7BC6D1D7AF07F00C5C7A5 /* Result.framework */,
				73D257A41D2D40F9005D0A3F /* SwiftExtensions.framework */,
				2730D6981D2A4A0B001C7AAC /* Nimble.framework */,
				2730D6991D2A4A0B001C7AAC /* Quick.framework */,
			);
			name = Frameworks;
			sourceTree = "<group>";
		};
		2730D69F1D2A4AC3001C7AAC /* classes */ = {
			isa = PBXGroup;
			children = (
				2799F2861D3DC82600F4A1C2 /* protocols */,
				2799F27F1D3DC7F800F4A1C2 /* implementation */,
			);
			path = classes;
			sourceTree = "<group>";
		};
		2799F27F1D3DC7F800F4A1C2 /* implementation */ = {
			isa = PBXGroup;
			children = (
				2799F2821D3DC80A00F4A1C2 /* TableViewDataSourceSpec.swift */,
				2799F2801D3DC80A00F4A1C2 /* SectionDataSpec.swift */,
				2799F28B1D3DCC1500F4A1C2 /* SelectableSectionDataSpec.swift */,
				2799F2811D3DC80A00F4A1C2 /* SelectableRowDataSpec.swift */,
				27F3F47A1D4058470044A3D3 /* SelectableTableViewDataSourceSpec.swift */,
			);
			path = implementation;
			sourceTree = "<group>";
		};
		2799F2861D3DC82600F4A1C2 /* protocols */ = {
			isa = PBXGroup;
			children = (
				2799F2871D3DC83000F4A1C2 /* TableViewSingleCellClassResolverSpec.swift */,
			);
			path = protocols;
			sourceTree = "<group>";
		};
		737A1C881D2B64AA00A2228C /* implementation */ = {
			isa = PBXGroup;
			children = (
				737A1C941D2B64D100A2228C /* TableViewDataSource.swift */,
				737A1C951D2B64D100A2228C /* TableViewDelegate.swift */,
				737A1C931D2B64D100A2228C /* SectionData.swift */,
				737A1C921D2B64D100A2228C /* RowData.swift */,
				2799F28D1D3DD21300F4A1C2 /* SelectableTableViewDataSource.swift */,
				2799F27B1D3DC19E00F4A1C2 /* SelectableSectionData.swift */,
				2799F2791D3DBF1E00F4A1C2 /* SelectableRowData.swift */,
			);
			path = implementation;
			sourceTree = "<group>";
		};
		737A1C891D2B64B200A2228C /* protocols */ = {
			isa = PBXGroup;
			children = (
				737A1C8C1D2B64BF00A2228C /* TableViewDataSourceType.swift */,
				737A1C8D1D2B64BF00A2228C /* TableViewDelegateType.swift */,
				737A1C8B1D2B64BF00A2228C /* TableViewCellClassResolverType.swift */,
				737A1C8A1D2B64BF00A2228C /* SectionDataFactoryType.swift */,
				737A1CA71D2B688D00A2228C /* CustomizedCellHeightType.swift */,
			);
			path = protocols;
			sourceTree = "<group>";
		};
		737A1CA91D2B852200A2228C /* extensions */ = {
			isa = PBXGroup;
			children = (
				737A1CAA1D2B853400A2228C /* UITableView+TableViewManager.swift */,
			);
			path = extensions;
			sourceTree = "<group>";
		};
		737ADA9E1D0EE02A0088DA02 = {
			isa = PBXGroup;
			children = (
				737ADAAA1D0EE02A0088DA02 /* TableViewManager */,
				737ADAB61D0EE02A0088DA02 /* TableViewManagerTests */,
				2730D6971D2A16B9001C7AAC /* Frameworks */,
				737ADAA91D0EE02A0088DA02 /* Products */,
			);
			sourceTree = "<group>";
		};
		737ADAA91D0EE02A0088DA02 /* Products */ = {
			isa = PBXGroup;
			children = (
				737ADAA81D0EE02A0088DA02 /* TableViewManager.framework */,
				737ADAB21D0EE02A0088DA02 /* TableViewManagerTests.xctest */,
			);
			name = Products;
			sourceTree = "<group>";
		};
		737ADAAA1D0EE02A0088DA02 /* TableViewManager */ = {
			isa = PBXGroup;
			children = (
				73E2C8611D1B5F0F000D5205 /* classes */,
				737ADAAD1D0EE02A0088DA02 /* Info.plist */,
			);
			path = TableViewManager;
			sourceTree = "<group>";
		};
		737ADAB61D0EE02A0088DA02 /* TableViewManagerTests */ = {
			isa = PBXGroup;
			children = (
				2730D69F1D2A4AC3001C7AAC /* classes */,
				737ADAB91D0EE02A0088DA02 /* Info.plist */,
			);
			path = TableViewManagerTests;
			sourceTree = "<group>";
		};
		73E2C8611D1B5F0F000D5205 /* classes */ = {
			isa = PBXGroup;
			children = (
				737A1CA91D2B852200A2228C /* extensions */,
				737A1C891D2B64B200A2228C /* protocols */,
				737A1C881D2B64AA00A2228C /* implementation */,
			);
			path = classes;
			sourceTree = "<group>";
		};
/* End PBXGroup section */

/* Begin PBXHeadersBuildPhase section */
		737ADAA51D0EE02A0088DA02 /* Headers */ = {
			isa = PBXHeadersBuildPhase;
			buildActionMask = 2147483647;
			files = (
			);
			runOnlyForDeploymentPostprocessing = 0;
		};
/* End PBXHeadersBuildPhase section */

/* Begin PBXNativeTarget section */
		737ADAA71D0EE02A0088DA02 /* TableViewManager */ = {
			isa = PBXNativeTarget;
			buildConfigurationList = 737ADABC1D0EE02A0088DA02 /* Build configuration list for PBXNativeTarget "TableViewManager" */;
			buildPhases = (
				737ADAA31D0EE02A0088DA02 /* Sources */,
				737ADAA41D0EE02A0088DA02 /* Frameworks */,
				737ADAA51D0EE02A0088DA02 /* Headers */,
				737ADAA61D0EE02A0088DA02 /* Resources */,
			);
			buildRules = (
			);
			dependencies = (
			);
			name = TableViewManager;
			productName = TableViewManager;
			productReference = 737ADAA81D0EE02A0088DA02 /* TableViewManager.framework */;
			productType = "com.apple.product-type.framework";
		};
		737ADAB11D0EE02A0088DA02 /* TableViewManagerTests */ = {
			isa = PBXNativeTarget;
			buildConfigurationList = 737ADABF1D0EE02A0088DA02 /* Build configuration list for PBXNativeTarget "TableViewManagerTests" */;
			buildPhases = (
				737ADAAE1D0EE02A0088DA02 /* Sources */,
				737ADAAF1D0EE02A0088DA02 /* Frameworks */,
				737ADAB01D0EE02A0088DA02 /* Resources */,
				2730D69C1D2A4A21001C7AAC /* CopyFiles */,
			);
			buildRules = (
			);
			dependencies = (
				737ADAB51D0EE02A0088DA02 /* PBXTargetDependency */,
			);
			name = TableViewManagerTests;
			productName = TableViewManagerTests;
			productReference = 737ADAB21D0EE02A0088DA02 /* TableViewManagerTests.xctest */;
			productType = "com.apple.product-type.bundle.unit-test";
		};
/* End PBXNativeTarget section */

/* Begin PBXProject section */
		737ADA9F1D0EE02A0088DA02 /* Project object */ = {
			isa = PBXProject;
			attributes = {
				LastSwiftUpdateCheck = 0730;
				LastUpgradeCheck = 0800;
				ORGANIZATIONNAME = "Kohei Tabata";
				TargetAttributes = {
					732D8D641E513666008558BD = {
						CreatedOnToolsVersion = 8.2.1;
						ProvisioningStyle = Automatic;
					};
					737ADAA71D0EE02A0088DA02 = {
						CreatedOnToolsVersion = 7.3.1;
						LastSwiftMigration = 0800;
					};
					737ADAB11D0EE02A0088DA02 = {
						CreatedOnToolsVersion = 7.3.1;
						LastSwiftMigration = 0800;
					};
				};
			};
			buildConfigurationList = 737ADAA21D0EE02A0088DA02 /* Build configuration list for PBXProject "TableViewManager" */;
			compatibilityVersion = "Xcode 3.2";
			developmentRegion = English;
			hasScannedForEncodings = 0;
			knownRegions = (
				en,
			);
			mainGroup = 737ADA9E1D0EE02A0088DA02;
			productRefGroup = 737ADAA91D0EE02A0088DA02 /* Products */;
			projectDirPath = "";
			projectRoot = "";
			targets = (
				737ADAA71D0EE02A0088DA02 /* TableViewManager */,
				737ADAB11D0EE02A0088DA02 /* TableViewManagerTests */,
				732D8D641E513666008558BD /* SwiftLint */,
			);
		};
/* End PBXProject section */

/* Begin PBXResourcesBuildPhase section */
		737ADAA61D0EE02A0088DA02 /* Resources */ = {
			isa = PBXResourcesBuildPhase;
			buildActionMask = 2147483647;
			files = (
			);
			runOnlyForDeploymentPostprocessing = 0;
		};
		737ADAB01D0EE02A0088DA02 /* Resources */ = {
			isa = PBXResourcesBuildPhase;
			buildActionMask = 2147483647;
			files = (
			);
			runOnlyForDeploymentPostprocessing = 0;
		};
/* End PBXResourcesBuildPhase section */

/* Begin PBXShellScriptBuildPhase section */
		732D8D681E51366A008558BD /* ShellScript */ = {
			isa = PBXShellScriptBuildPhase;
			buildActionMask = 2147483647;
			files = (
			);
			inputPaths = (
			);
			outputPaths = (
			);
			runOnlyForDeploymentPostprocessing = 0;
			shellPath = /bin/sh;
			shellScript = "if which swiftlint >/dev/null; then\n    swiftlint\nelse\n    echo \"warning: SwiftLint not installed, download from https://github.com/realm/SwiftLint\"\nfi";
		};
/* End PBXShellScriptBuildPhase section */

/* Begin PBXSourcesBuildPhase section */
		737ADAA31D0EE02A0088DA02 /* Sources */ = {
			isa = PBXSourcesBuildPhase;
			buildActionMask = 2147483647;
			files = (
				737A1C991D2B64D100A2228C /* TableViewDelegate.swift in Sources */,
				737A1C8F1D2B64BF00A2228C /* TableViewCellClassResolverType.swift in Sources */,
				2799F28E1D3DD21300F4A1C2 /* SelectableTableViewDataSource.swift in Sources */,
				737A1C901D2B64BF00A2228C /* TableViewDataSourceType.swift in Sources */,
				737A1C961D2B64D100A2228C /* RowData.swift in Sources */,
				737A1C911D2B64BF00A2228C /* TableViewDelegateType.swift in Sources */,
				2799F27C1D3DC19E00F4A1C2 /* SelectableSectionData.swift in Sources */,
				737A1CAB1D2B853400A2228C /* UITableView+TableViewManager.swift in Sources */,
				737A1C8E1D2B64BF00A2228C /* SectionDataFactoryType.swift in Sources */,
				737A1CA81D2B688D00A2228C /* CustomizedCellHeightType.swift in Sources */,
				737A1C981D2B64D100A2228C /* TableViewDataSource.swift in Sources */,
				2799F27A1D3DBF1E00F4A1C2 /* SelectableRowData.swift in Sources */,
				737A1C971D2B64D100A2228C /* SectionData.swift in Sources */,
			);
			runOnlyForDeploymentPostprocessing = 0;
		};
		737ADAAE1D0EE02A0088DA02 /* Sources */ = {
			isa = PBXSourcesBuildPhase;
			buildActionMask = 2147483647;
			files = (
				2799F28C1D3DCC1500F4A1C2 /* SelectableSectionDataSpec.swift in Sources */,
				2799F28A1D3DC91800F4A1C2 /* SelectableRowData.swift in Sources */,
				2799F2831D3DC80A00F4A1C2 /* SectionDataSpec.swift in Sources */,
				27F3F47B1D4058470044A3D3 /* SelectableTableViewDataSourceSpec.swift in Sources */,
				2799F2891D3DC91500F4A1C2 /* SelectableSectionData.swift in Sources */,
				737A1CA11D2B652C00A2228C /* SectionDataFactoryType.swift in Sources */,
				737A1C9F1D2B652700A2228C /* TableViewDataSourceType.swift in Sources */,
				2799F2841D3DC80A00F4A1C2 /* SelectableRowDataSpec.swift in Sources */,
				2799F2851D3DC80A00F4A1C2 /* TableViewDataSourceSpec.swift in Sources */,
				737A1CA21D2B652F00A2228C /* TableViewCellClassResolverType.swift in Sources */,
				737A1C9C1D2B651400A2228C /* RowData.swift in Sources */,
				2799F2881D3DC83000F4A1C2 /* TableViewSingleCellClassResolverSpec.swift in Sources */,
				737A1C9E1D2B651F00A2228C /* TableViewDataSource.swift in Sources */,
				27F3F47C1D405A070044A3D3 /* SelectableTableViewDataSource.swift in Sources */,
				737A1C9A1D2B650600A2228C /* SectionData.swift in Sources */,
			);
			runOnlyForDeploymentPostprocessing = 0;
		};
/* End PBXSourcesBuildPhase section */

/* Begin PBXTargetDependency section */
		737ADAB51D0EE02A0088DA02 /* PBXTargetDependency */ = {
			isa = PBXTargetDependency;
			target = 737ADAA71D0EE02A0088DA02 /* TableViewManager */;
			targetProxy = 737ADAB41D0EE02A0088DA02 /* PBXContainerItemProxy */;
		};
/* End PBXTargetDependency section */

/* Begin XCBuildConfiguration section */
		732D8D661E513666008558BD /* Debug */ = {
			isa = XCBuildConfiguration;
			buildSettings = {
				PRODUCT_NAME = "$(TARGET_NAME)";
			};
			name = Debug;
		};
		732D8D671E513666008558BD /* Release */ = {
			isa = XCBuildConfiguration;
			buildSettings = {
				PRODUCT_NAME = "$(TARGET_NAME)";
			};
			name = Release;
		};
		737ADABA1D0EE02A0088DA02 /* Debug */ = {
			isa = XCBuildConfiguration;
			buildSettings = {
				ALWAYS_SEARCH_USER_PATHS = NO;
				CLANG_ANALYZER_NONNULL = YES;
				CLANG_CXX_LANGUAGE_STANDARD = "gnu++0x";
				CLANG_CXX_LIBRARY = "libc++";
				CLANG_ENABLE_MODULES = YES;
				CLANG_ENABLE_OBJC_ARC = YES;
				CLANG_WARN_BOOL_CONVERSION = YES;
				CLANG_WARN_CONSTANT_CONVERSION = YES;
				CLANG_WARN_DIRECT_OBJC_ISA_USAGE = YES_ERROR;
				CLANG_WARN_EMPTY_BODY = YES;
				CLANG_WARN_ENUM_CONVERSION = YES;
				CLANG_WARN_INFINITE_RECURSION = YES;
				CLANG_WARN_INT_CONVERSION = YES;
				CLANG_WARN_OBJC_ROOT_CLASS = YES_ERROR;
				CLANG_WARN_SUSPICIOUS_MOVE = YES;
				CLANG_WARN_UNREACHABLE_CODE = YES;
				CLANG_WARN__DUPLICATE_METHOD_MATCH = YES;
				"CODE_SIGN_IDENTITY[sdk=iphoneos*]" = "iPhone Developer";
				COPY_PHASE_STRIP = NO;
				CURRENT_PROJECT_VERSION = 1;
				DEBUG_INFORMATION_FORMAT = dwarf;
				ENABLE_STRICT_OBJC_MSGSEND = YES;
				ENABLE_TESTABILITY = YES;
				GCC_C_LANGUAGE_STANDARD = gnu99;
				GCC_DYNAMIC_NO_PIC = NO;
				GCC_NO_COMMON_BLOCKS = YES;
				GCC_OPTIMIZATION_LEVEL = 0;
				GCC_PREPROCESSOR_DEFINITIONS = (
					"DEBUG=1",
					"$(inherited)",
				);
				GCC_WARN_64_TO_32_BIT_CONVERSION = YES;
				GCC_WARN_ABOUT_RETURN_TYPE = YES_ERROR;
				GCC_WARN_UNDECLARED_SELECTOR = YES;
				GCC_WARN_UNINITIALIZED_AUTOS = YES_AGGRESSIVE;
				GCC_WARN_UNUSED_FUNCTION = YES;
				GCC_WARN_UNUSED_VARIABLE = YES;
				IPHONEOS_DEPLOYMENT_TARGET = 9.0;
				MTL_ENABLE_DEBUG_INFO = YES;
				ONLY_ACTIVE_ARCH = YES;
				SDKROOT = iphoneos;
				SWIFT_OPTIMIZATION_LEVEL = "-Onone";
				TARGETED_DEVICE_FAMILY = "1,2";
				VERSIONING_SYSTEM = "apple-generic";
				VERSION_INFO_PREFIX = "";
			};
			name = Debug;
		};
		737ADABB1D0EE02A0088DA02 /* Release */ = {
			isa = XCBuildConfiguration;
			buildSettings = {
				ALWAYS_SEARCH_USER_PATHS = NO;
				CLANG_ANALYZER_NONNULL = YES;
				CLANG_CXX_LANGUAGE_STANDARD = "gnu++0x";
				CLANG_CXX_LIBRARY = "libc++";
				CLANG_ENABLE_MODULES = YES;
				CLANG_ENABLE_OBJC_ARC = YES;
				CLANG_WARN_BOOL_CONVERSION = YES;
				CLANG_WARN_CONSTANT_CONVERSION = YES;
				CLANG_WARN_DIRECT_OBJC_ISA_USAGE = YES_ERROR;
				CLANG_WARN_EMPTY_BODY = YES;
				CLANG_WARN_ENUM_CONVERSION = YES;
				CLANG_WARN_INFINITE_RECURSION = YES;
				CLANG_WARN_INT_CONVERSION = YES;
				CLANG_WARN_OBJC_ROOT_CLASS = YES_ERROR;
				CLANG_WARN_SUSPICIOUS_MOVE = YES;
				CLANG_WARN_UNREACHABLE_CODE = YES;
				CLANG_WARN__DUPLICATE_METHOD_MATCH = YES;
				"CODE_SIGN_IDENTITY[sdk=iphoneos*]" = "iPhone Developer";
				COPY_PHASE_STRIP = NO;
				CURRENT_PROJECT_VERSION = 1;
				DEBUG_INFORMATION_FORMAT = "dwarf-with-dsym";
				ENABLE_NS_ASSERTIONS = NO;
				ENABLE_STRICT_OBJC_MSGSEND = YES;
				GCC_C_LANGUAGE_STANDARD = gnu99;
				GCC_NO_COMMON_BLOCKS = YES;
				GCC_WARN_64_TO_32_BIT_CONVERSION = YES;
				GCC_WARN_ABOUT_RETURN_TYPE = YES_ERROR;
				GCC_WARN_UNDECLARED_SELECTOR = YES;
				GCC_WARN_UNINITIALIZED_AUTOS = YES_AGGRESSIVE;
				GCC_WARN_UNUSED_FUNCTION = YES;
				GCC_WARN_UNUSED_VARIABLE = YES;
				IPHONEOS_DEPLOYMENT_TARGET = 9.0;
				MTL_ENABLE_DEBUG_INFO = NO;
				SDKROOT = iphoneos;
				SWIFT_OPTIMIZATION_LEVEL = "-Owholemodule";
				TARGETED_DEVICE_FAMILY = "1,2";
				VALIDATE_PRODUCT = YES;
				VERSIONING_SYSTEM = "apple-generic";
				VERSION_INFO_PREFIX = "";
			};
			name = Release;
		};
		737ADABD1D0EE02A0088DA02 /* Debug */ = {
			isa = XCBuildConfiguration;
			buildSettings = {
				CLANG_ENABLE_MODULES = YES;
				"CODE_SIGN_IDENTITY[sdk=iphoneos*]" = "";
				DEFINES_MODULE = YES;
				DYLIB_COMPATIBILITY_VERSION = 1;
				DYLIB_CURRENT_VERSION = 1;
				DYLIB_INSTALL_NAME_BASE = "@rpath";
				FRAMEWORK_SEARCH_PATHS = (
					"$(inherited)",
					"$(PROJECT_DIR)/Carthage/Build/iOS",
				);
				INFOPLIST_FILE = TableViewManager/Info.plist;
				INSTALL_PATH = "$(LOCAL_LIBRARY_DIR)/Frameworks";
				LD_RUNPATH_SEARCH_PATHS = "$(inherited) @executable_path/Frameworks @loader_path/Frameworks";
				PRODUCT_BUNDLE_IDENTIFIER = com.nerd0geek1.TableViewManager;
				PRODUCT_NAME = "$(TARGET_NAME)";
				SKIP_INSTALL = YES;
				SWIFT_OPTIMIZATION_LEVEL = "-Onone";
				SWIFT_VERSION = 3.0;
			};
			name = Debug;
		};
		737ADABE1D0EE02A0088DA02 /* Release */ = {
			isa = XCBuildConfiguration;
			buildSettings = {
				CLANG_ENABLE_MODULES = YES;
				"CODE_SIGN_IDENTITY[sdk=iphoneos*]" = "";
				DEFINES_MODULE = YES;
				DYLIB_COMPATIBILITY_VERSION = 1;
				DYLIB_CURRENT_VERSION = 1;
				DYLIB_INSTALL_NAME_BASE = "@rpath";
				FRAMEWORK_SEARCH_PATHS = (
					"$(inherited)",
					"$(PROJECT_DIR)/Carthage/Build/iOS",
				);
				INFOPLIST_FILE = TableViewManager/Info.plist;
				INSTALL_PATH = "$(LOCAL_LIBRARY_DIR)/Frameworks";
				LD_RUNPATH_SEARCH_PATHS = "$(inherited) @executable_path/Frameworks @loader_path/Frameworks";
				PRODUCT_BUNDLE_IDENTIFIER = com.nerd0geek1.TableViewManager;
				PRODUCT_NAME = "$(TARGET_NAME)";
				SKIP_INSTALL = YES;
				SWIFT_VERSION = 3.0;
			};
			name = Release;
		};
		737ADAC01D0EE02A0088DA02 /* Debug */ = {
			isa = XCBuildConfiguration;
			buildSettings = {
				CLANG_ENABLE_MODULES = YES;
				FRAMEWORK_SEARCH_PATHS = (
					"$(inherited)",
					"$(PROJECT_DIR)/Carthage/Build/iOS",
				);
				INFOPLIST_FILE = TableViewManagerTests/Info.plist;
				LD_RUNPATH_SEARCH_PATHS = "$(inherited) @executable_path/Frameworks @loader_path/Frameworks $(FRAMEWORK_SEARCH_PATHS)";
				PRODUCT_BUNDLE_IDENTIFIER = com.nerd0geek1.TableViewManagerTests;
				PRODUCT_NAME = "$(TARGET_NAME)";
				SWIFT_OPTIMIZATION_LEVEL = "-Onone";
				SWIFT_VERSION = 3.0;
			};
			name = Debug;
		};
		737ADAC11D0EE02A0088DA02 /* Release */ = {
			isa = XCBuildConfiguration;
			buildSettings = {
				CLANG_ENABLE_MODULES = YES;
				FRAMEWORK_SEARCH_PATHS = (
					"$(inherited)",
					"$(PROJECT_DIR)/Carthage/Build/iOS",
				);
				INFOPLIST_FILE = TableViewManagerTests/Info.plist;
				LD_RUNPATH_SEARCH_PATHS = "$(inherited) @executable_path/Frameworks @loader_path/Frameworks $(FRAMEWORK_SEARCH_PATHS)";
				PRODUCT_BUNDLE_IDENTIFIER = com.nerd0geek1.TableViewManagerTests;
				PRODUCT_NAME = "$(TARGET_NAME)";
				SWIFT_VERSION = 3.0;
			};
			name = Release;
		};
/* End XCBuildConfiguration section */

/* Begin XCConfigurationList section */
		732D8D651E513666008558BD /* Build configuration list for PBXAggregateTarget "SwiftLint" */ = {
			isa = XCConfigurationList;
			buildConfigurations = (
				732D8D661E513666008558BD /* Debug */,
				732D8D671E513666008558BD /* Release */,
			);
			defaultConfigurationIsVisible = 0;
		};
		737ADAA21D0EE02A0088DA02 /* Build configuration list for PBXProject "TableViewManager" */ = {
			isa = XCConfigurationList;
			buildConfigurations = (
				737ADABA1D0EE02A0088DA02 /* Debug */,
				737ADABB1D0EE02A0088DA02 /* Release */,
			);
			defaultConfigurationIsVisible = 0;
			defaultConfigurationName = Release;
		};
		737ADABC1D0EE02A0088DA02 /* Build configuration list for PBXNativeTarget "TableViewManager" */ = {
			isa = XCConfigurationList;
			buildConfigurations = (
				737ADABD1D0EE02A0088DA02 /* Debug */,
				737ADABE1D0EE02A0088DA02 /* Release */,
			);
			defaultConfigurationIsVisible = 0;
			defaultConfigurationName = Release;
		};
		737ADABF1D0EE02A0088DA02 /* Build configuration list for PBXNativeTarget "TableViewManagerTests" */ = {
			isa = XCConfigurationList;
			buildConfigurations = (
				737ADAC01D0EE02A0088DA02 /* Debug */,
				737ADAC11D0EE02A0088DA02 /* Release */,
			);
			defaultConfigurationIsVisible = 0;
			defaultConfigurationName = Release;
		};
/* End XCConfigurationList section */
	};
	rootObject = 737ADA9F1D0EE02A0088DA02 /* Project object */;
}
